github.com/abaldeweg/warehouse-server/logs v0.0.0-20250124073805-d0d2d0625966 h1:k30sj2cDThdi76kavTN6w/ZDxTWg9PMKErRXzh7fyW0=
github.com/abaldeweg/warehouse-server/logs v0.0.0-20250124073805-d0d2d0625966/go.mod h1:2uw8MX5qdiQauGUtx4TmR3ZK06fykF7rRVKLqi2LxSY=
github.com/abaldeweg/warehouse-server/logs v0.0.0-20250124170444-f1742e7bba0f h1:YYzuIO6RNnPTYhNJ2qqsdj9HmBZ5RxKUWyhu8hNIQ7Q=
github.com/abaldeweg/warehouse-server/logs v0.0.0-20250124170444-f1742e7bba0f/go.mod h1:2uw8MX5qdiQauGUtx4TmR3ZK06fykF7rRVKLqi2LxSY=
github.com/abaldeweg/warehouse-server/logs v0.0.0-20250125150353-e49e90a3713c h1:44Zm/KNPusBkE4d2BAZk9+uQdY7VNW6r6cOo4I3t3Io=
github.com/abaldeweg/warehouse-server/logs v0.0.0-20250125150353-e49e90a3713c/go.mod h1:2uw8MX5qdiQauGUtx4TmR3ZK06fykF7rRVKLqi2LxSY=
github.com/abaldeweg/warehouse-server/logs v0.0.0-20250125153818-052f6ab4fe00 h1:p/ZObI2Cns2kbuzWlU5k9EEw+5F9Z5sKF0E19oCt7Uo=
github.com/abaldeweg/warehouse-server/logs v0.0.0-20250125153818-052f6ab4fe00/go.mod h1:2uw8MX5qdiQauGUtx4TmR3ZK06fykF7rRVKLqi2LxSY=
github.com/cpuguy83/go-md2man/v2 v2.0.4/go.mod h1:tgQtvFlXSQOSOSIRvRPT7W67SCa46tRHOmNcaadrF8o=
github.com/inconshreveable/mousetrap v1.1.0 h1:wN+x4NVGpMsO7ErUn/mUI3vEoE6Jt13X2s0bqwp9tc8=
github.com/inconshreveable/mousetrap v1.1.0/go.mod h1:vpF70FUmC8bwa3OWnCshd2FqLfsEA9PFc4w1p2J65bw=
github.com/mattn/go-sqlite3 v1.14.24 h1:tpSp2G2KyMnnQu99ngJ47EIkWVmliIizyZBfPrBWDRM=
github.com/mattn/go-sqlite3 v1.14.24/go.mod h1:Uh1q+B4BYcTPb+yiD3kU8Ct7aC0hY9fxUwlHK0RXw+Y=
github.com/russross/blackfriday/v2 v2.1.0/go.mod h1:+Rmxgy9KzJVeS9/2gXHxylqXiyQDYRxCVz55jmeOWTM=
github.com/spf13/cobra v1.8.1 h1:e5/vxKd/rZsfSJMUX1agtjeTDf+qv1/JdBF8gg5k9ZM=
github.com/spf13/cobra v1.8.1/go.mod h1:wHxEcudfqmLYa8iTfL+OuZPbBZkmvliBWKIezN3kD9Y=
github.com/spf13/pflag v1.0.5 h1:iy+VFUOCP1a+8yFto/drg2CJ5u0yRoB7fZw3DKv/JXA=
github.com/spf13/pflag v1.0.5/go.mod h1:McXfInJRrz4CZXVZOBLb0bTZqETkiAhM9Iw0y3An2Bg=
gopkg.in/check.v1 v0.0.0-20161208181325-20d25e280405/go.mod h1:Co6ibVJAznAaIkqp8huTwlJQCZ016jof/cbN4VW5Yz0=
gopkg.in/yaml.v3 v3.0.1/go.mod h1:K4uyk7z7BCEPqu6E+C64Yfv1cQ7kz7rIZviUmN+EgEM=
